// !$*UTF8*$!
{
	archiveVersion = 1;
	classes = {
	};
	objectVersion = 46;
	objects = {

/* Begin PBXBuildFile section */
		B39D9CDB8E7E1F6082566894 /* Pods_RxSwiftDemo.framework in Frameworks */ = {isa = PBXBuildFile; fileRef = D32705C262DB45E2A8FB7F68 /* Pods_RxSwiftDemo.framework */; };
		B95FFA5AF774E9001CCA45F9 /* Pods_RxSwiftDemoTests.framework in Frameworks */ = {isa = PBXBuildFile; fileRef = D527ADA595B9F569AC85C474 /* Pods_RxSwiftDemoTests.framework */; };
		D87475411E06865500480840 /* AppDelegate.swift in Sources */ = {isa = PBXBuildFile; fileRef = D87475401E06865500480840 /* AppDelegate.swift */; };
		D87475461E06865500480840 /* Main.storyboard in Resources */ = {isa = PBXBuildFile; fileRef = D87475441E06865500480840 /* Main.storyboard */; };
		D87475481E06865500480840 /* Assets.xcassets in Resources */ = {isa = PBXBuildFile; fileRef = D87475471E06865500480840 /* Assets.xcassets */; };
		D874754B1E06865500480840 /* LaunchScreen.storyboard in Resources */ = {isa = PBXBuildFile; fileRef = D87475491E06865500480840 /* LaunchScreen.storyboard */; };
		D87475561E06865500480840 /* RxSwiftDemoTests.swift in Sources */ = {isa = PBXBuildFile; fileRef = D87475551E06865500480840 /* RxSwiftDemoTests.swift */; };
		D874756C1E068EEC00480840 /* GithubSearchTableViewController.swift in Sources */ = {isa = PBXBuildFile; fileRef = D874756B1E068EEC00480840 /* GithubSearchTableViewController.swift */; };
		D874756F1E06AC2900480840 /* GithubEndpoint.swift in Sources */ = {isa = PBXBuildFile; fileRef = D874756E1E06AC2900480840 /* GithubEndpoint.swift */; };
		D87475711E06B08D00480840 /* Repository.swift in Sources */ = {isa = PBXBuildFile; fileRef = D87475701E06B08D00480840 /* Repository.swift */; };
		D87475731E06B13300480840 /* Issue.swift in Sources */ = {isa = PBXBuildFile; fileRef = D87475721E06B13300480840 /* Issue.swift */; };
		D87475761E06B1F600480840 /* GithubIssueTracker.swift in Sources */ = {isa = PBXBuildFile; fileRef = D87475751E06B1F600480840 /* GithubIssueTracker.swift */; };
		D87475781E06E54100480840 /* JSONDecodable.swift in Sources */ = {isa = PBXBuildFile; fileRef = D87475771E06E54100480840 /* JSONDecodable.swift */; };
/* End PBXBuildFile section */

/* Begin PBXContainerItemProxy section */
		D87475521E06865500480840 /* PBXContainerItemProxy */ = {
			isa = PBXContainerItemProxy;
			containerPortal = D87475351E06865500480840 /* Project object */;
			proxyType = 1;
			remoteGlobalIDString = D874753C1E06865500480840;
			remoteInfo = RxSwiftDemo;
		};
/* End PBXContainerItemProxy section */

/* Begin PBXFileReference section */
		25B9065FDDAF9B520C1C2888 /* Pods-RxSwiftDemo.debug.xcconfig */ = {isa = PBXFileReference; includeInIndex = 1; lastKnownFileType = text.xcconfig; name = "Pods-RxSwiftDemo.debug.xcconfig"; path = "Pods/Target Support Files/Pods-RxSwiftDemo/Pods-RxSwiftDemo.debug.xcconfig"; sourceTree = "<group>"; };
		301B0F1266EC0CB9D8910464 /* Pods-RxSwiftDemoTests.debug.xcconfig */ = {isa = PBXFileReference; includeInIndex = 1; lastKnownFileType = text.xcconfig; name = "Pods-RxSwiftDemoTests.debug.xcconfig"; path = "Pods/Target Support Files/Pods-RxSwiftDemoTests/Pods-RxSwiftDemoTests.debug.xcconfig"; sourceTree = "<group>"; };
		4B14F86523FACD7B2C2B5518 /* Pods-RxSwiftDemo.release.xcconfig */ = {isa = PBXFileReference; includeInIndex = 1; lastKnownFileType = text.xcconfig; name = "Pods-RxSwiftDemo.release.xcconfig"; path = "Pods/Target Support Files/Pods-RxSwiftDemo/Pods-RxSwiftDemo.release.xcconfig"; sourceTree = "<group>"; };
		CFAE634ED91C4829AE37D28B /* Pods-RxSwiftDemoTests.release.xcconfig */ = {isa = PBXFileReference; includeInIndex = 1; lastKnownFileType = text.xcconfig; name = "Pods-RxSwiftDemoTests.release.xcconfig"; path = "Pods/Target Support Files/Pods-RxSwiftDemoTests/Pods-RxSwiftDemoTests.release.xcconfig"; sourceTree = "<group>"; };
		D32705C262DB45E2A8FB7F68 /* Pods_RxSwiftDemo.framework */ = {isa = PBXFileReference; explicitFileType = wrapper.framework; includeInIndex = 0; path = Pods_RxSwiftDemo.framework; sourceTree = BUILT_PRODUCTS_DIR; };
		D527ADA595B9F569AC85C474 /* Pods_RxSwiftDemoTests.framework */ = {isa = PBXFileReference; explicitFileType = wrapper.framework; includeInIndex = 0; path = Pods_RxSwiftDemoTests.framework; sourceTree = BUILT_PRODUCTS_DIR; };
		D874753D1E06865500480840 /* RxSwiftDemo.app */ = {isa = PBXFileReference; explicitFileType = wrapper.application; includeInIndex = 0; path = RxSwiftDemo.app; sourceTree = BUILT_PRODUCTS_DIR; };
		D87475401E06865500480840 /* AppDelegate.swift */ = {isa = PBXFileReference; lastKnownFileType = sourcecode.swift; path = AppDelegate.swift; sourceTree = "<group>"; };
		D87475451E06865500480840 /* Base */ = {isa = PBXFileReference; lastKnownFileType = file.storyboard; name = Base; path = Base.lproj/Main.storyboard; sourceTree = "<group>"; };
		D87475471E06865500480840 /* Assets.xcassets */ = {isa = PBXFileReference; lastKnownFileType = folder.assetcatalog; path = Assets.xcassets; sourceTree = "<group>"; };
		D874754A1E06865500480840 /* Base */ = {isa = PBXFileReference; lastKnownFileType = file.storyboard; name = Base; path = Base.lproj/LaunchScreen.storyboard; sourceTree = "<group>"; };
		D874754C1E06865500480840 /* Info.plist */ = {isa = PBXFileReference; lastKnownFileType = text.plist.xml; path = Info.plist; sourceTree = "<group>"; };
		D87475511E06865500480840 /* RxSwiftDemoTests.xctest */ = {isa = PBXFileReference; explicitFileType = wrapper.cfbundle; includeInIndex = 0; path = RxSwiftDemoTests.xctest; sourceTree = BUILT_PRODUCTS_DIR; };
		D87475551E06865500480840 /* RxSwiftDemoTests.swift */ = {isa = PBXFileReference; lastKnownFileType = sourcecode.swift; path = RxSwiftDemoTests.swift; sourceTree = "<group>"; };
		D87475571E06865500480840 /* Info.plist */ = {isa = PBXFileReference; lastKnownFileType = text.plist.xml; path = Info.plist; sourceTree = "<group>"; };
		D874756B1E068EEC00480840 /* GithubSearchTableViewController.swift */ = {isa = PBXFileReference; fileEncoding = 4; lastKnownFileType = sourcecode.swift; name = GithubSearchTableViewController.swift; path = Controller/GithubSearchTableViewController.swift; sourceTree = "<group>"; };
		D874756E1E06AC2900480840 /* GithubEndpoint.swift */ = {isa = PBXFileReference; fileEncoding = 4; lastKnownFileType = sourcecode.swift; name = GithubEndpoint.swift; path = Network/GithubEndpoint.swift; sourceTree = "<group>"; };
		D87475701E06B08D00480840 /* Repository.swift */ = {isa = PBXFileReference; fileEncoding = 4; lastKnownFileType = sourcecode.swift; name = Repository.swift; path = Model/Repository.swift; sourceTree = "<group>"; };
		D87475721E06B13300480840 /* Issue.swift */ = {isa = PBXFileReference; fileEncoding = 4; lastKnownFileType = sourcecode.swift; path = Issue.swift; sourceTree = "<group>"; };
		D87475751E06B1F600480840 /* GithubIssueTracker.swift */ = {isa = PBXFileReference; fileEncoding = 4; lastKnownFileType = sourcecode.swift; name = GithubIssueTracker.swift; path = Network/GithubIssueTracker.swift; sourceTree = "<group>"; };
		D87475771E06E54100480840 /* JSONDecodable.swift */ = {isa = PBXFileReference; fileEncoding = 4; lastKnownFileType = sourcecode.swift; name = JSONDecodable.swift; path = Network/JSONDecodable.swift; sourceTree = "<group>"; };
/* End PBXFileReference section */

/* Begin PBXFrameworksBuildPhase section */
		D874753A1E06865500480840 /* Frameworks */ = {
			isa = PBXFrameworksBuildPhase;
			buildActionMask = 2147483647;
			files = (
				B39D9CDB8E7E1F6082566894 /* Pods_RxSwiftDemo.framework in Frameworks */,
			);
			runOnlyForDeploymentPostprocessing = 0;
		};
		D874754E1E06865500480840 /* Frameworks */ = {
			isa = PBXFrameworksBuildPhase;
			buildActionMask = 2147483647;
			files = (
				B95FFA5AF774E9001CCA45F9 /* Pods_RxSwiftDemoTests.framework in Frameworks */,
			);
			runOnlyForDeploymentPostprocessing = 0;
		};
/* End PBXFrameworksBuildPhase section */

/* Begin PBXGroup section */
		6937DFE2B46B5969B4D95B58 /* Pods */ = {
			isa = PBXGroup;
			children = (
				25B9065FDDAF9B520C1C2888 /* Pods-RxSwiftDemo.debug.xcconfig */,
				4B14F86523FACD7B2C2B5518 /* Pods-RxSwiftDemo.release.xcconfig */,
				301B0F1266EC0CB9D8910464 /* Pods-RxSwiftDemoTests.debug.xcconfig */,
				CFAE634ED91C4829AE37D28B /* Pods-RxSwiftDemoTests.release.xcconfig */,
			);
			name = Pods;
			sourceTree = "<group>";
		};
		C43A1927981F2E1E132E8263 /* Frameworks */ = {
			isa = PBXGroup;
			children = (
				D32705C262DB45E2A8FB7F68 /* Pods_RxSwiftDemo.framework */,
				D527ADA595B9F569AC85C474 /* Pods_RxSwiftDemoTests.framework */,
			);
			name = Frameworks;
			sourceTree = "<group>";
		};
		D87475341E06865500480840 = {
			isa = PBXGroup;
			children = (
				D874753F1E06865500480840 /* RxSwiftDemo */,
				D87475541E06865500480840 /* RxSwiftDemoTests */,
				D874753E1E06865500480840 /* Products */,
				6937DFE2B46B5969B4D95B58 /* Pods */,
				C43A1927981F2E1E132E8263 /* Frameworks */,
			);
			sourceTree = "<group>";
		};
		D874753E1E06865500480840 /* Products */ = {
			isa = PBXGroup;
			children = (
				D874753D1E06865500480840 /* RxSwiftDemo.app */,
				D87475511E06865500480840 /* RxSwiftDemoTests.xctest */,
			);
			name = Products;
			sourceTree = "<group>";
		};
		D874753F1E06865500480840 /* RxSwiftDemo */ = {
			isa = PBXGroup;
			children = (
				D87475401E06865500480840 /* AppDelegate.swift */,
				D87475441E06865500480840 /* Main.storyboard */,
				D87475661E068C6400480840 /* Model */,
				D87475741E06B1D600480840 /* Network */,
				D87475641E068C5700480840 /* Controller */,
				D87475681E068C7900480840 /* Others */,
			);
			path = RxSwiftDemo;
			sourceTree = "<group>";
		};
		D87475541E06865500480840 /* RxSwiftDemoTests */ = {
			isa = PBXGroup;
			children = (
				D87475551E06865500480840 /* RxSwiftDemoTests.swift */,
				D87475571E06865500480840 /* Info.plist */,
			);
			path = RxSwiftDemoTests;
			sourceTree = "<group>";
		};
		D87475641E068C5700480840 /* Controller */ = {
			isa = PBXGroup;
			children = (
				D874756B1E068EEC00480840 /* GithubSearchTableViewController.swift */,
			);
			name = Controller;
			sourceTree = "<group>";
		};
		D87475661E068C6400480840 /* Model */ = {
			isa = PBXGroup;
			children = (
				D87475701E06B08D00480840 /* Repository.swift */,
				D87475721E06B13300480840 /* Issue.swift */,
				D87475771E06E54100480840 /* JSONDecodable.swift */,
			);
			name = Model;
			sourceTree = "<group>";
		};
		D87475681E068C7900480840 /* Others */ = {
			isa = PBXGroup;
			children = (
				D874754C1E06865500480840 /* Info.plist */,
				D87475491E06865500480840 /* LaunchScreen.storyboard */,
				D87475471E06865500480840 /* Assets.xcassets */,
			);
			name = Others;
			sourceTree = "<group>";
		};
		D87475741E06B1D600480840 /* Network */ = {
			isa = PBXGroup;
			children = (
				D874756E1E06AC2900480840 /* GithubEndpoint.swift */,
				D87475751E06B1F600480840 /* GithubIssueTracker.swift */,
			);
			name = Network;
			sourceTree = "<group>";
		};
/* End PBXGroup section */

/* Begin PBXNativeTarget section */
		D874753C1E06865500480840 /* RxSwiftDemo */ = {
			isa = PBXNativeTarget;
			buildConfigurationList = D874755A1E06865500480840 /* Build configuration list for PBXNativeTarget "RxSwiftDemo" */;
			buildPhases = (
				21280EAFEAB016E006B51BD6 /* [CP] Check Pods Manifest.lock */,
				D87475391E06865500480840 /* Sources */,
				D874753A1E06865500480840 /* Frameworks */,
				D874753B1E06865500480840 /* Resources */,
				D2724141E70671B6F7771F18 /* [CP] Embed Pods Frameworks */,
				B299815CCCB94041A83103F6 /* [CP] Copy Pods Resources */,
			);
			buildRules = (
			);
			dependencies = (
			);
			name = RxSwiftDemo;
			productName = RxSwiftDemo;
			productReference = D874753D1E06865500480840 /* RxSwiftDemo.app */;
			productType = "com.apple.product-type.application";
		};
		D87475501E06865500480840 /* RxSwiftDemoTests */ = {
			isa = PBXNativeTarget;
			buildConfigurationList = D874755D1E06865500480840 /* Build configuration list for PBXNativeTarget "RxSwiftDemoTests" */;
			buildPhases = (
				A6CAC259A8B80452BBD64F99 /* [CP] Check Pods Manifest.lock */,
				D874754D1E06865500480840 /* Sources */,
				D874754E1E06865500480840 /* Frameworks */,
				D874754F1E06865500480840 /* Resources */,
				DDA6FEE143623D889702B25D /* [CP] Embed Pods Frameworks */,
				D4191547D8B4FAB1DAC5FED6 /* [CP] Copy Pods Resources */,
			);
			buildRules = (
			);
			dependencies = (
				D87475531E06865500480840 /* PBXTargetDependency */,
			);
			name = RxSwiftDemoTests;
			productName = RxSwiftDemoTests;
			productReference = D87475511E06865500480840 /* RxSwiftDemoTests.xctest */;
			productType = "com.apple.product-type.bundle.unit-test";
		};
/* End PBXNativeTarget section */

/* Begin PBXProject section */
		D87475351E06865500480840 /* Project object */ = {
			isa = PBXProject;
			attributes = {
				LastSwiftUpdateCheck = 0820;
				LastUpgradeCheck = 0820;
				ORGANIZATIONNAME = Suhit;
				TargetAttributes = {
					D874753C1E06865500480840 = {
						CreatedOnToolsVersion = 8.2;
						DevelopmentTeam = 73WTWQ22L2;
						ProvisioningStyle = Automatic;
					};
					D87475501E06865500480840 = {
						CreatedOnToolsVersion = 8.2;
						DevelopmentTeam = 73WTWQ22L2;
						ProvisioningStyle = Automatic;
						TestTargetID = D874753C1E06865500480840;
					};
				};
			};
			buildConfigurationList = D87475381E06865500480840 /* Build configuration list for PBXProject "RxSwiftDemo" */;
			compatibilityVersion = "Xcode 3.2";
			developmentRegion = English;
			hasScannedForEncodings = 0;
			knownRegions = (
				en,
				Base,
			);
			mainGroup = D87475341E06865500480840;
			productRefGroup = D874753E1E06865500480840 /* Products */;
			projectDirPath = "";
			projectRoot = "";
			targets = (
				D874753C1E06865500480840 /* RxSwiftDemo */,
				D87475501E06865500480840 /* RxSwiftDemoTests */,
			);
		};
/* End PBXProject section */

/* Begin PBXResourcesBuildPhase section */
		D874753B1E06865500480840 /* Resources */ = {
			isa = PBXResourcesBuildPhase;
			buildActionMask = 2147483647;
			files = (
				D874754B1E06865500480840 /* LaunchScreen.storyboard in Resources */,
				D87475481E06865500480840 /* Assets.xcassets in Resources */,
				D87475461E06865500480840 /* Main.storyboard in Resources */,
			);
			runOnlyForDeploymentPostprocessing = 0;
		};
		D874754F1E06865500480840 /* Resources */ = {
			isa = PBXResourcesBuildPhase;
			buildActionMask = 2147483647;
			files = (
			);
			runOnlyForDeploymentPostprocessing = 0;
		};
/* End PBXResourcesBuildPhase section */

/* Begin PBXShellScriptBuildPhase section */
		21280EAFEAB016E006B51BD6 /* [CP] Check Pods Manifest.lock */ = {
			isa = PBXShellScriptBuildPhase;
			buildActionMask = 2147483647;
			files = (
			);
			inputPaths = (
			);
			name = "[CP] Check Pods Manifest.lock";
			outputPaths = (
			);
			runOnlyForDeploymentPostprocessing = 0;
			shellPath = /bin/sh;
			shellScript = "diff \"${PODS_ROOT}/../Podfile.lock\" \"${PODS_ROOT}/Manifest.lock\" > /dev/null\nif [ $? != 0 ] ; then\n    # print error to STDERR\n    echo \"error: The sandbox is not in sync with the Podfile.lock. Run 'pod install' or update your CocoaPods installation.\" >&2\n    exit 1\nfi\n";
			showEnvVarsInLog = 0;
		};
		A6CAC259A8B80452BBD64F99 /* [CP] Check Pods Manifest.lock */ = {
			isa = PBXShellScriptBuildPhase;
			buildActionMask = 2147483647;
			files = (
			);
			inputPaths = (
			);
			name = "[CP] Check Pods Manifest.lock";
			outputPaths = (
			);
			runOnlyForDeploymentPostprocessing = 0;
			shellPath = /bin/sh;
			shellScript = "diff \"${PODS_ROOT}/../Podfile.lock\" \"${PODS_ROOT}/Manifest.lock\" > /dev/null\nif [ $? != 0 ] ; then\n    # print error to STDERR\n    echo \"error: The sandbox is not in sync with the Podfile.lock. Run 'pod install' or update your CocoaPods installation.\" >&2\n    exit 1\nfi\n";
			showEnvVarsInLog = 0;
		};
		B299815CCCB94041A83103F6 /* [CP] Copy Pods Resources */ = {
			isa = PBXShellScriptBuildPhase;
			buildActionMask = 2147483647;
			files = (
			);
			inputPaths = (
			);
			name = "[CP] Copy Pods Resources";
			outputPaths = (
			);
			runOnlyForDeploymentPostprocessing = 0;
			shellPath = /bin/sh;
			shellScript = "\"${SRCROOT}/Pods/Target Support Files/Pods-RxSwiftDemo/Pods-RxSwiftDemo-resources.sh\"\n";
			showEnvVarsInLog = 0;
		};
		D2724141E70671B6F7771F18 /* [CP] Embed Pods Frameworks */ = {
			isa = PBXShellScriptBuildPhase;
			buildActionMask = 2147483647;
			files = (
			);
			inputPaths = (
			);
			name = "[CP] Embed Pods Frameworks";
			outputPaths = (
			);
			runOnlyForDeploymentPostprocessing = 0;
			shellPath = /bin/sh;
			shellScript = "\"${SRCROOT}/Pods/Target Support Files/Pods-RxSwiftDemo/Pods-RxSwiftDemo-frameworks.sh\"\n";
			showEnvVarsInLog = 0;
		};
		D4191547D8B4FAB1DAC5FED6 /* [CP] Copy Pods Resources */ = {
			isa = PBXShellScriptBuildPhase;
			buildActionMask = 2147483647;
			files = (
			);
			inputPaths = (
			);
			name = "[CP] Copy Pods Resources";
			outputPaths = (
			);
			runOnlyForDeploymentPostprocessing = 0;
			shellPath = /bin/sh;
			shellScript = "\"${SRCROOT}/Pods/Target Support Files/Pods-RxSwiftDemoTests/Pods-RxSwiftDemoTests-resources.sh\"\n";
			showEnvVarsInLog = 0;
		};
		DDA6FEE143623D889702B25D /* [CP] Embed Pods Frameworks */ = {
			isa = PBXShellScriptBuildPhase;
			buildActionMask = 2147483647;
			files = (
			);
			inputPaths = (
			);
			name = "[CP] Embed Pods Frameworks";
			outputPaths = (
			);
			runOnlyForDeploymentPostprocessing = 0;
			shellPath = /bin/sh;
			shellScript = "\"${SRCROOT}/Pods/Target Support Files/Pods-RxSwiftDemoTests/Pods-RxSwiftDemoTests-frameworks.sh\"\n";
			showEnvVarsInLog = 0;
		};
/* End PBXShellScriptBuildPhase section */

/* Begin PBXSourcesBuildPhase section */
		D87475391E06865500480840 /* Sources */ = {
			isa = PBXSourcesBuildPhase;
			buildActionMask = 2147483647;
			files = (
				D87475731E06B13300480840 /* Issue.swift in Sources */,
				D874756C1E068EEC00480840 /* GithubSearchTableViewController.swift in Sources */,
				D87475781E06E54100480840 /* JSONDecodable.swift in Sources */,
				D874756F1E06AC2900480840 /* GithubEndpoint.swift in Sources */,
				D87475761E06B1F600480840 /* GithubIssueTracker.swift in Sources */,
				D87475411E06865500480840 /* AppDelegate.swift in Sources */,
				D87475711E06B08D00480840 /* Repository.swift in Sources */,
			);
			runOnlyForDeploymentPostprocessing = 0;
		};
		D874754D1E06865500480840 /* Sources */ = {
			isa = PBXSourcesBuildPhase;
			buildActionMask = 2147483647;
			files = (
				D87475561E06865500480840 /* RxSwiftDemoTests.swift in Sources */,
			);
			runOnlyForDeploymentPostprocessing = 0;
		};
/* End PBXSourcesBuildPhase section */

/* Begin PBXTargetDependency section */
		D87475531E06865500480840 /* PBXTargetDependency */ = {
			isa = PBXTargetDependency;
			target = D874753C1E06865500480840 /* RxSwiftDemo */;
			targetProxy = D87475521E06865500480840 /* PBXContainerItemProxy */;
		};
/* End PBXTargetDependency section */

/* Begin PBXVariantGroup section */
		D87475441E06865500480840 /* Main.storyboard */ = {
			isa = PBXVariantGroup;
			children = (
				D87475451E06865500480840 /* Base */,
			);
			name = Main.storyboard;
			sourceTree = "<group>";
		};
		D87475491E06865500480840 /* LaunchScreen.storyboard */ = {
			isa = PBXVariantGroup;
			children = (
				D874754A1E06865500480840 /* Base */,
			);
			name = LaunchScreen.storyboard;
			sourceTree = "<group>";
		};
/* End PBXVariantGroup section */

/* Begin XCBuildConfiguration section */
		D87475581E06865500480840 /* Debug */ = {
			isa = XCBuildConfiguration;
			buildSettings = {
				ALWAYS_SEARCH_USER_PATHS = NO;
				CLANG_ANALYZER_NONNULL = YES;
				CLANG_CXX_LANGUAGE_STANDARD = "gnu++0x";
				CLANG_CXX_LIBRARY = "libc++";
				CLANG_ENABLE_MODULES = YES;
				CLANG_ENABLE_OBJC_ARC = YES;
				CLANG_WARN_BOOL_CONVERSION = YES;
				CLANG_WARN_CONSTANT_CONVERSION = YES;
				CLANG_WARN_DIRECT_OBJC_ISA_USAGE = YES_ERROR;
				CLANG_WARN_DOCUMENTATION_COMMENTS = YES;
				CLANG_WARN_EMPTY_BODY = YES;
				CLANG_WARN_ENUM_CONVERSION = YES;
				CLANG_WARN_INFINITE_RECURSION = YES;
				CLANG_WARN_INT_CONVERSION = YES;
				CLANG_WARN_OBJC_ROOT_CLASS = YES_ERROR;
				CLANG_WARN_SUSPICIOUS_MOVE = YES;
				CLANG_WARN_UNREACHABLE_CODE = YES;
				CLANG_WARN__DUPLICATE_METHOD_MATCH = YES;
				"CODE_SIGN_IDENTITY[sdk=iphoneos*]" = "iPhone Developer";
				COPY_PHASE_STRIP = NO;
				DEBUG_INFORMATION_FORMAT = dwarf;
				ENABLE_STRICT_OBJC_MSGSEND = YES;
				ENABLE_TESTABILITY = YES;
				GCC_C_LANGUAGE_STANDARD = gnu99;
				GCC_DYNAMIC_NO_PIC = NO;
				GCC_NO_COMMON_BLOCKS = YES;
				GCC_OPTIMIZATION_LEVEL = 0;
				GCC_PREPROCESSOR_DEFINITIONS = (
					"DEBUG=1",
					"$(inherited)",
				);
				GCC_WARN_64_TO_32_BIT_CONVERSION = YES;
				GCC_WARN_ABOUT_RETURN_TYPE = YES_ERROR;
				GCC_WARN_UNDECLARED_SELECTOR = YES;
				GCC_WARN_UNINITIALIZED_AUTOS = YES_AGGRESSIVE;
				GCC_WARN_UNUSED_FUNCTION = YES;
				GCC_WARN_UNUSED_VARIABLE = YES;
				IPHONEOS_DEPLOYMENT_TARGET = 10.2;
				MTL_ENABLE_DEBUG_INFO = YES;
				ONLY_ACTIVE_ARCH = YES;
				SDKROOT = iphoneos;
				SWIFT_ACTIVE_COMPILATION_CONDITIONS = DEBUG;
				SWIFT_OPTIMIZATION_LEVEL = "-Onone";
			};
			name = Debug;
		};
		D87475591E06865500480840 /* Release */ = {
			isa = XCBuildConfiguration;
			buildSettings = {
				ALWAYS_SEARCH_USER_PATHS = NO;
				CLANG_ANALYZER_NONNULL = YES;
				CLANG_CXX_LANGUAGE_STANDARD = "gnu++0x";
				CLANG_CXX_LIBRARY = "libc++";
				CLANG_ENABLE_MODULES = YES;
				CLANG_ENABLE_OBJC_ARC = YES;
				CLANG_WARN_BOOL_CONVERSION = YES;
				CLANG_WARN_CONSTANT_CONVERSION = YES;
				CLANG_WARN_DIRECT_OBJC_ISA_USAGE = YES_ERROR;
				CLANG_WARN_DOCUMENTATION_COMMENTS = YES;
				CLANG_WARN_EMPTY_BODY = YES;
				CLANG_WARN_ENUM_CONVERSION = YES;
				CLANG_WARN_INFINITE_RECURSION = YES;
				CLANG_WARN_INT_CONVERSION = YES;
				CLANG_WARN_OBJC_ROOT_CLASS = YES_ERROR;
				CLANG_WARN_SUSPICIOUS_MOVE = YES;
				CLANG_WARN_UNREACHABLE_CODE = YES;
				CLANG_WARN__DUPLICATE_METHOD_MATCH = YES;
				"CODE_SIGN_IDENTITY[sdk=iphoneos*]" = "iPhone Developer";
				COPY_PHASE_STRIP = NO;
				DEBUG_INFORMATION_FORMAT = "dwarf-with-dsym";
				ENABLE_NS_ASSERTIONS = NO;
				ENABLE_STRICT_OBJC_MSGSEND = YES;
				GCC_C_LANGUAGE_STANDARD = gnu99;
				GCC_NO_COMMON_BLOCKS = YES;
				GCC_WARN_64_TO_32_BIT_CONVERSION = YES;
				GCC_WARN_ABOUT_RETURN_TYPE = YES_ERROR;
				GCC_WARN_UNDECLARED_SELECTOR = YES;
				GCC_WARN_UNINITIALIZED_AUTOS = YES_AGGRESSIVE;
				GCC_WARN_UNUSED_FUNCTION = YES;
				GCC_WARN_UNUSED_VARIABLE = YES;
				IPHONEOS_DEPLOYMENT_TARGET = 10.2;
				MTL_ENABLE_DEBUG_INFO = NO;
				SDKROOT = iphoneos;
				SWIFT_OPTIMIZATION_LEVEL = "-Owholemodule";
				VALIDATE_PRODUCT = YES;
			};
			name = Release;
		};
		D874755B1E06865500480840 /* Debug */ = {
			isa = XCBuildConfiguration;
			baseConfigurationReference = 25B9065FDDAF9B520C1C2888 /* Pods-RxSwiftDemo.debug.xcconfig */;
			buildSettings = {
				ALWAYS_EMBED_SWIFT_STANDARD_LIBRARIES = YES;
				ASSETCATALOG_COMPILER_APPICON_NAME = AppIcon;
				DEVELOPMENT_TEAM = 73WTWQ22L2;
				INFOPLIST_FILE = RxSwiftDemo/Info.plist;
				LD_RUNPATH_SEARCH_PATHS = "$(inherited) @executable_path/Frameworks";
				PRODUCT_BUNDLE_IDENTIFIER = com.suhit.RxSwiftDemo;
				PRODUCT_NAME = "$(TARGET_NAME)";
				SWIFT_VERSION = 3.0;
			};
			name = Debug;
		};
		D874755C1E06865500480840 /* Release */ = {
			isa = XCBuildConfiguration;
			baseConfigurationReference = 4B14F86523FACD7B2C2B5518 /* Pods-RxSwiftDemo.release.xcconfig */;
			buildSettings = {
				ALWAYS_EMBED_SWIFT_STANDARD_LIBRARIES = YES;
				ASSETCATALOG_COMPILER_APPICON_NAME = AppIcon;
				DEVELOPMENT_TEAM = 73WTWQ22L2;
				INFOPLIST_FILE = RxSwiftDemo/Info.plist;
				LD_RUNPATH_SEARCH_PATHS = "$(inherited) @executable_path/Frameworks";
				PRODUCT_BUNDLE_IDENTIFIER = com.suhit.RxSwiftDemo;
				PRODUCT_NAME = "$(TARGET_NAME)";
				SWIFT_VERSION = 3.0;
			};
			name = Release;
		};
		D874755E1E06865500480840 /* Debug */ = {
			isa = XCBuildConfiguration;
			baseConfigurationReference = 301B0F1266EC0CB9D8910464 /* Pods-RxSwiftDemoTests.debug.xcconfig */;
			buildSettings = {
				ALWAYS_EMBED_SWIFT_STANDARD_LIBRARIES = YES;
				BUNDLE_LOADER = "$(TEST_HOST)";
				DEVELOPMENT_TEAM = 73WTWQ22L2;
				INFOPLIST_FILE = RxSwiftDemoTests/Info.plist;
				LD_RUNPATH_SEARCH_PATHS = "$(inherited) @executable_path/Frameworks @loader_path/Frameworks";
				PRODUCT_BUNDLE_IDENTIFIER = com.suhit.RxSwiftDemoTests;
				PRODUCT_NAME = "$(TARGET_NAME)";
				SWIFT_VERSION = 3.0;
				TEST_HOST = "$(BUILT_PRODUCTS_DIR)/RxSwiftDemo.app/RxSwiftDemo";
			};
			name = Debug;
		};
		D874755F1E06865500480840 /* Release */ = {
			isa = XCBuildConfiguration;
			baseConfigurationReference = CFAE634ED91C4829AE37D28B /* Pods-RxSwiftDemoTests.release.xcconfig */;
			buildSettings = {
				ALWAYS_EMBED_SWIFT_STANDARD_LIBRARIES = YES;
				BUNDLE_LOADER = "$(TEST_HOST)";
				DEVELOPMENT_TEAM = 73WTWQ22L2;
				INFOPLIST_FILE = RxSwiftDemoTests/Info.plist;
				LD_RUNPATH_SEARCH_PATHS = "$(inherited) @executable_path/Frameworks @loader_path/Frameworks";
				PRODUCT_BUNDLE_IDENTIFIER = com.suhit.RxSwiftDemoTests;
				PRODUCT_NAME = "$(TARGET_NAME)";
				SWIFT_VERSION = 3.0;
				TEST_HOST = "$(BUILT_PRODUCTS_DIR)/RxSwiftDemo.app/RxSwiftDemo";
			};
			name = Release;
		};
/* End XCBuildConfiguration section */

/* Begin XCConfigurationList section */
		D87475381E06865500480840 /* Build configuration list for PBXProject "RxSwiftDemo" */ = {
			isa = XCConfigurationList;
			buildConfigurations = (
				D87475581E06865500480840 /* Debug */,
				D87475591E06865500480840 /* Release */,
			);
			defaultConfigurationIsVisible = 0;
			defaultConfigurationName = Release;
		};
		D874755A1E06865500480840 /* Build configuration list for PBXNativeTarget "RxSwiftDemo" */ = {
			isa = XCConfigurationList;
			buildConfigurations = (
				D874755B1E06865500480840 /* Debug */,
				D874755C1E06865500480840 /* Release */,
			);
			defaultConfigurationIsVisible = 0;
			defaultConfigurationName = Release;
		};
		D874755D1E06865500480840 /* Build configuration list for PBXNativeTarget "RxSwiftDemoTests" */ = {
			isa = XCConfigurationList;
			buildConfigurations = (
				D874755E1E06865500480840 /* Debug */,
				D874755F1E06865500480840 /* Release */,
			);
			defaultConfigurationIsVisible = 0;
			defaultConfigurationName = Release;
		};
/* End XCConfigurationList section */
	};
	rootObject = D87475351E06865500480840 /* Project object */;
}
